
Microsoft Visual Studio Solution File, Format Version 12.00
# Visual Studio Version 17
VisualStudioVersion = 17.2.32519.379
MinimumVisualStudioVersion = 10.0.40219.1
Project("{2150E333-8FDC-42A3-9474-1A3956D46DE8}") = "Microservices", "Microservices", "{9AF03E1A-2C9F-449D-8EED-85B164800FC5}"
EndProject
Project("{2150E333-8FDC-42A3-9474-1A3956D46DE8}") = "Domain", "Domain", "{64546E62-F820-45FB-A121-7056541B9A26}"
EndProject
Project("{2150E333-8FDC-42A3-9474-1A3956D46DE8}") = "Infra.Bus", "Infra.Bus", "{B0CE1B7E-86C9-41FB-B0D2-6F8246F511E5}"
EndProject
Project("{2150E333-8FDC-42A3-9474-1A3956D46DE8}") = "Infra.IoC", "Infra.IoC", "{32DFBF35-B148-4965-B636-FA3787E6B82A}"
EndProject
Project("{2150E333-8FDC-42A3-9474-1A3956D46DE8}") = "Presentation", "Presentation", "{3D9D1D54-75A8-4F39-A146-B52ACEF1F804}"
EndProject
Project("{9A19103F-16F7-4668-BE54-9A1E7A4F7556}") = "MicroRabbit.Domain.Core", "MicroRabbit.Domain.Core\MicroRabbit.Domain.Core.csproj", "{D09EBDA1-B3AB-4205-8CB4-869CE6043C62}"
EndProject
Project("{9A19103F-16F7-4668-BE54-9A1E7A4F7556}") = "MicroRabbit.Infra.Bus", "MicroRabbit.Infra.Bus\MicroRabbit.Infra.Bus.csproj", "{93C5E69A-4F11-41A0-B61A-BAF7BF37CD55}"
EndProject
Project("{9A19103F-16F7-4668-BE54-9A1E7A4F7556}") = "MicroRabbit.Infra.IoC", "MicroRabbit.Infra.IoC\MicroRabbit.Infra.IoC.csproj", "{E4F93350-A927-40C9-BF40-8C72B1C917BB}"
EndProject
Project("{2150E333-8FDC-42A3-9474-1A3956D46DE8}") = "Banking", "Banking", "{F2B598B3-C71E-4181-80D0-7181E5D0846C}"
EndProject
Project("{2150E333-8FDC-42A3-9474-1A3956D46DE8}") = "Api", "Api", "{3E6E550C-D84A-4FD7-BBC4-9DBE2F94A599}"
EndProject
Project("{2150E333-8FDC-42A3-9474-1A3956D46DE8}") = "Domain", "Domain", "{3222646D-7203-4BA0-ACAE-ED6ABA903E01}"
EndProject
Project("{2150E333-8FDC-42A3-9474-1A3956D46DE8}") = "Application", "Application", "{F5BE55B5-58E6-48C2-AE2A-93B7B8665ACB}"
EndProject
Project("{2150E333-8FDC-42A3-9474-1A3956D46DE8}") = "Data", "Data", "{3BE5CF94-D793-475A-8A29-93CD359D1904}"
EndProject
Project("{9A19103F-16F7-4668-BE54-9A1E7A4F7556}") = "MicroRabbit.Banking.Application", "MicroRabbit.Baanking.Application\MicroRabbit.Banking.Application.csproj", "{237F5C80-F2AA-44A4-8B85-E878BBD68B44}"
EndProject
Project("{9A19103F-16F7-4668-BE54-9A1E7A4F7556}") = "MicroRabbit.Banking.Data", "MicroRabbit.Banking.Data\MicroRabbit.Banking.Data.csproj", "{D34CD120-63BB-498A-989F-C40282112536}"
EndProject
Project("{9A19103F-16F7-4668-BE54-9A1E7A4F7556}") = "MicroRabbit.Banking.Domain", "MicroRabbit.Banking.Domain\MicroRabbit.Banking.Domain.csproj", "{03059407-F3D6-4FDE-8DA5-132017DA65E2}"
EndProject
Project("{FAE04EC0-301F-11D3-BF4B-00C04F79EFBC}") = "MicroRabbit.Banking.Api", "MicroRabbit.Banking.Api\MicroRabbit.Banking.Api.csproj", "{DE054533-4475-48D6-9631-AA947C44CB30}"
EndProject
Global
	GlobalSection(SolutionConfigurationPlatforms) = preSolution
		Debug|Any CPU = Debug|Any CPU
		Release|Any CPU = Release|Any CPU
	EndGlobalSection
	GlobalSection(ProjectConfigurationPlatforms) = postSolution
		{D09EBDA1-B3AB-4205-8CB4-869CE6043C62}.Debug|Any CPU.ActiveCfg = Debug|Any CPU
		{D09EBDA1-B3AB-4205-8CB4-869CE6043C62}.Debug|Any CPU.Build.0 = Debug|Any CPU
		{D09EBDA1-B3AB-4205-8CB4-869CE6043C62}.Release|Any CPU.ActiveCfg = Release|Any CPU
		{D09EBDA1-B3AB-4205-8CB4-869CE6043C62}.Release|Any CPU.Build.0 = Release|Any CPU
		{93C5E69A-4F11-41A0-B61A-BAF7BF37CD55}.Debug|Any CPU.ActiveCfg = Debug|Any CPU
		{93C5E69A-4F11-41A0-B61A-BAF7BF37CD55}.Debug|Any CPU.Build.0 = Debug|Any CPU
		{93C5E69A-4F11-41A0-B61A-BAF7BF37CD55}.Release|Any CPU.ActiveCfg = Release|Any CPU
		{93C5E69A-4F11-41A0-B61A-BAF7BF37CD55}.Release|Any CPU.Build.0 = Release|Any CPU
		{E4F93350-A927-40C9-BF40-8C72B1C917BB}.Debug|Any CPU.ActiveCfg = Debug|Any CPU
		{E4F93350-A927-40C9-BF40-8C72B1C917BB}.Debug|Any CPU.Build.0 = Debug|Any CPU
		{E4F93350-A927-40C9-BF40-8C72B1C917BB}.Release|Any CPU.ActiveCfg = Release|Any CPU
		{E4F93350-A927-40C9-BF40-8C72B1C917BB}.Release|Any CPU.Build.0 = Release|Any CPU
		{237F5C80-F2AA-44A4-8B85-E878BBD68B44}.Debug|Any CPU.ActiveCfg = Debug|Any CPU
		{237F5C80-F2AA-44A4-8B85-E878BBD68B44}.Debug|Any CPU.Build.0 = Debug|Any CPU
		{237F5C80-F2AA-44A4-8B85-E878BBD68B44}.Release|Any CPU.ActiveCfg = Release|Any CPU
		{237F5C80-F2AA-44A4-8B85-E878BBD68B44}.Release|Any CPU.Build.0 = Release|Any CPU
		{D34CD120-63BB-498A-989F-C40282112536}.Debug|Any CPU.ActiveCfg = Debug|Any CPU
		{D34CD120-63BB-498A-989F-C40282112536}.Debug|Any CPU.Build.0 = Debug|Any CPU
		{D34CD120-63BB-498A-989F-C40282112536}.Release|Any CPU.ActiveCfg = Release|Any CPU
		{D34CD120-63BB-498A-989F-C40282112536}.Release|Any CPU.Build.0 = Release|Any CPU
		{03059407-F3D6-4FDE-8DA5-132017DA65E2}.Debug|Any CPU.ActiveCfg = Debug|Any CPU
		{03059407-F3D6-4FDE-8DA5-132017DA65E2}.Debug|Any CPU.Build.0 = Debug|Any CPU
		{03059407-F3D6-4FDE-8DA5-132017DA65E2}.Release|Any CPU.ActiveCfg = Release|Any CPU
		{03059407-F3D6-4FDE-8DA5-132017DA65E2}.Release|Any CPU.Build.0 = Release|Any CPU
		{DE054533-4475-48D6-9631-AA947C44CB30}.Debug|Any CPU.ActiveCfg = Debug|Any CPU
		{DE054533-4475-48D6-9631-AA947C44CB30}.Debug|Any CPU.Build.0 = Debug|Any CPU
		{DE054533-4475-48D6-9631-AA947C44CB30}.Release|Any CPU.ActiveCfg = Release|Any CPU
		{DE054533-4475-48D6-9631-AA947C44CB30}.Release|Any CPU.Build.0 = Release|Any CPU
	EndGlobalSection
	GlobalSection(SolutionProperties) = preSolution
		HideSolutionNode = FALSE
	EndGlobalSection
	GlobalSection(NestedProjects) = preSolution
		{D09EBDA1-B3AB-4205-8CB4-869CE6043C62} = {64546E62-F820-45FB-A121-7056541B9A26}
		{93C5E69A-4F11-41A0-B61A-BAF7BF37CD55} = {B0CE1B7E-86C9-41FB-B0D2-6F8246F511E5}
		{E4F93350-A927-40C9-BF40-8C72B1C917BB} = {32DFBF35-B148-4965-B636-FA3787E6B82A}
		{F2B598B3-C71E-4181-80D0-7181E5D0846C} = {9AF03E1A-2C9F-449D-8EED-85B164800FC5}
		{3E6E550C-D84A-4FD7-BBC4-9DBE2F94A599} = {F2B598B3-C71E-4181-80D0-7181E5D0846C}
		{3222646D-7203-4BA0-ACAE-ED6ABA903E01} = {F2B598B3-C71E-4181-80D0-7181E5D0846C}
		{F5BE55B5-58E6-48C2-AE2A-93B7B8665ACB} = {F2B598B3-C71E-4181-80D0-7181E5D0846C}
		{3BE5CF94-D793-475A-8A29-93CD359D1904} = {F2B598B3-C71E-4181-80D0-7181E5D0846C}
		{237F5C80-F2AA-44A4-8B85-E878BBD68B44} = {F5BE55B5-58E6-48C2-AE2A-93B7B8665ACB}
		{D34CD120-63BB-498A-989F-C40282112536} = {3BE5CF94-D793-475A-8A29-93CD359D1904}
		{03059407-F3D6-4FDE-8DA5-132017DA65E2} = {3222646D-7203-4BA0-ACAE-ED6ABA903E01}
		{DE054533-4475-48D6-9631-AA947C44CB30} = {3E6E550C-D84A-4FD7-BBC4-9DBE2F94A599}
	EndGlobalSection
	GlobalSection(ExtensibilityGlobals) = postSolution
		SolutionGuid = {D8F6D00C-45D8-49A2-9F49-49E76D686F47}
	EndGlobalSection
EndGlobal
