
Microsoft Visual Studio Solution File, Format Version 12.00
# Visual Studio Version 17
VisualStudioVersion = 17.2.32519.379
MinimumVisualStudioVersion = 10.0.40219.1
Project("{2150E333-8FDC-42A3-9474-1A3956D46DE8}") = "Microservices", "Microservices", "{9AF03E1A-2C9F-449D-8EED-85B164800FC5}"
EndProject
Project("{2150E333-8FDC-42A3-9474-1A3956D46DE8}") = "Domain", "Domain", "{64546E62-F820-45FB-A121-7056541B9A26}"
EndProject
Project("{2150E333-8FDC-42A3-9474-1A3956D46DE8}") = "Infra.Bus", "Infra.Bus", "{B0CE1B7E-86C9-41FB-B0D2-6F8246F511E5}"
EndProject
Project("{2150E333-8FDC-42A3-9474-1A3956D46DE8}") = "Infra.IoC", "Infra.IoC", "{32DFBF35-B148-4965-B636-FA3787E6B82A}"
EndProject
Project("{2150E333-8FDC-42A3-9474-1A3956D46DE8}") = "Presentation", "Presentation", "{3D9D1D54-75A8-4F39-A146-B52ACEF1F804}"
EndProject
Project("{FAE04EC0-301F-11D3-BF4B-00C04F79EFBC}") = "MicroRabbit.Domain.Core", "MicroRabbit.Domain.Core\MicroRabbit.Domain.Core.csproj", "{D09EBDA1-B3AB-4205-8CB4-869CE6043C62}"
EndProject
Project("{FAE04EC0-301F-11D3-BF4B-00C04F79EFBC}") = "MicroRabbit.Infra.Bus", "MicroRabbit.Infra.Bus\MicroRabbit.Infra.Bus.csproj", "{93C5E69A-4F11-41A0-B61A-BAF7BF37CD55}"
EndProject
Global
	GlobalSection(SolutionConfigurationPlatforms) = preSolution
		Debug|Any CPU = Debug|Any CPU
		Release|Any CPU = Release|Any CPU
	EndGlobalSection
	GlobalSection(ProjectConfigurationPlatforms) = postSolution
		{D09EBDA1-B3AB-4205-8CB4-869CE6043C62}.Debug|Any CPU.ActiveCfg = Debug|Any CPU
		{D09EBDA1-B3AB-4205-8CB4-869CE6043C62}.Debug|Any CPU.Build.0 = Debug|Any CPU
		{D09EBDA1-B3AB-4205-8CB4-869CE6043C62}.Release|Any CPU.ActiveCfg = Release|Any CPU
		{D09EBDA1-B3AB-4205-8CB4-869CE6043C62}.Release|Any CPU.Build.0 = Release|Any CPU
		{93C5E69A-4F11-41A0-B61A-BAF7BF37CD55}.Debug|Any CPU.ActiveCfg = Debug|Any CPU
		{93C5E69A-4F11-41A0-B61A-BAF7BF37CD55}.Debug|Any CPU.Build.0 = Debug|Any CPU
		{93C5E69A-4F11-41A0-B61A-BAF7BF37CD55}.Release|Any CPU.ActiveCfg = Release|Any CPU
		{93C5E69A-4F11-41A0-B61A-BAF7BF37CD55}.Release|Any CPU.Build.0 = Release|Any CPU
	EndGlobalSection
	GlobalSection(SolutionProperties) = preSolution
		HideSolutionNode = FALSE
	EndGlobalSection
	GlobalSection(NestedProjects) = preSolution
		{D09EBDA1-B3AB-4205-8CB4-869CE6043C62} = {64546E62-F820-45FB-A121-7056541B9A26}
		{93C5E69A-4F11-41A0-B61A-BAF7BF37CD55} = {B0CE1B7E-86C9-41FB-B0D2-6F8246F511E5}
	EndGlobalSection
	GlobalSection(ExtensibilityGlobals) = postSolution
		SolutionGuid = {D8F6D00C-45D8-49A2-9F49-49E76D686F47}
	EndGlobalSection
EndGlobal
